
Microsoft Visual Studio Solution File, Format Version 12.00
# Visual Studio Version 17
VisualStudioVersion = 17.13.35818.85
MinimumVisualStudioVersion = 10.0.40219.1
Project("{2150E333-8FDC-42A3-9474-1A3956D46DE8}") = "Application", "Application", "{02EA681E-C7D8-13C7-8484-4AC65E1B71E8}"
EndProject
Project("{2150E333-8FDC-42A3-9474-1A3956D46DE8}") = "Domain", "Domain", "{D5645171-D650-4C76-A5A8-8F3523D0751C}"
EndProject
Project("{2150E333-8FDC-42A3-9474-1A3956D46DE8}") = "Infra.IoC", "Infra.IoC", "{ABDCCAED-F46D-4A19-A09D-4BC2B9FDA0FD}"
EndProject
Project("{2150E333-8FDC-42A3-9474-1A3956D46DE8}") = "Infra.Data", "Infra.Data", "{E66EC79D-32D0-43AE-AFE8-2AE2BAAC60CE}"
EndProject
Project("{2150E333-8FDC-42A3-9474-1A3956D46DE8}") = "Presentation", "Presentation", "{3631DD5D-4ECD-4AE2-B109-6D3BB194D567}"
EndProject
Project("{FAE04EC0-301F-11D3-BF4B-00C04F79EFBC}") = "CleanArc.MVC", "CleanArc.MVC\CleanArc.MVC.csproj", "{2742B930-6461-4ECF-81E7-46D634B8B3B3}"
EndProject
Project("{FAE04EC0-301F-11D3-BF4B-00C04F79EFBC}") = "CleanArc.Domain", "CleanArc.Domain\CleanArc.Domain.csproj", "{9778C561-EE27-418B-B3DE-8DB66F24A110}"
EndProject
Project("{FAE04EC0-301F-11D3-BF4B-00C04F79EFBC}") = "CleanArc.Infra.Data", "CleanArc.Infra.Data\CleanArc.Infra.Data.csproj", "{B802C940-4030-45A2-B830-7845B3662398}"
EndProject
Project("{FAE04EC0-301F-11D3-BF4B-00C04F79EFBC}") = "CleanArc.Application", "CleanArc.Application\CleanArc.Application.csproj", "{3FA85BBA-9FEC-4537-9EEF-1CA9EC6CB122}"
EndProject
Project("{FAE04EC0-301F-11D3-BF4B-00C04F79EFBC}") = "CleanArc.Infra.IoC", "CleanArc.Infra.IoC\CleanArc.Infra.IoC.csproj", "{81951C2C-1B32-4B16-A6E9-CB983BBD0519}"
EndProject
Project("{2150E333-8FDC-42A3-9474-1A3956D46DE8}") = "Api", "Api", "{12ABD893-93C8-4FDD-9F0B-4C2B0A436D3F}"
EndProject
Project("{2150E333-8FDC-42A3-9474-1A3956D46DE8}") = "Infra.Bus", "Infra.Bus", "{C13C70D5-46AB-475E-9125-22960988B3FC}"
EndProject
Project("{FAE04EC0-301F-11D3-BF4B-00C04F79EFBC}") = "CleanArc.Infra.Bus", "CleanArc.Infra.Bus\CleanArc.Infra.Bus.csproj", "{0F49FBC4-6D89-47B4-B844-03E7399EE42D}"
EndProject
Project("{FAE04EC0-301F-11D3-BF4B-00C04F79EFBC}") = "CleanArc.Domain.Core", "CleanArc.Domain.Core\CleanArc.Domain.Core.csproj", "{29ED2002-4480-444E-BFD1-3AAEAFBA0F99}"
EndProject
Project("{FAE04EC0-301F-11D3-BF4B-00C04F79EFBC}") = "CleanArc.Api", "CleanArc.Api\CleanArc.Api.csproj", "{CCF924D1-2DF4-4A65-829B-A7C6F3B6B47E}"
EndProject
Global
	GlobalSection(SolutionConfigurationPlatforms) = preSolution
		Debug|Any CPU = Debug|Any CPU
		Release|Any CPU = Release|Any CPU
	EndGlobalSection
	GlobalSection(ProjectConfigurationPlatforms) = postSolution
		{2742B930-6461-4ECF-81E7-46D634B8B3B3}.Debug|Any CPU.ActiveCfg = Debug|Any CPU
		{2742B930-6461-4ECF-81E7-46D634B8B3B3}.Debug|Any CPU.Build.0 = Debug|Any CPU
		{2742B930-6461-4ECF-81E7-46D634B8B3B3}.Release|Any CPU.ActiveCfg = Release|Any CPU
		{2742B930-6461-4ECF-81E7-46D634B8B3B3}.Release|Any CPU.Build.0 = Release|Any CPU
		{9778C561-EE27-418B-B3DE-8DB66F24A110}.Debug|Any CPU.ActiveCfg = Debug|Any CPU
		{9778C561-EE27-418B-B3DE-8DB66F24A110}.Debug|Any CPU.Build.0 = Debug|Any CPU
		{9778C561-EE27-418B-B3DE-8DB66F24A110}.Release|Any CPU.ActiveCfg = Release|Any CPU
		{9778C561-EE27-418B-B3DE-8DB66F24A110}.Release|Any CPU.Build.0 = Release|Any CPU
		{B802C940-4030-45A2-B830-7845B3662398}.Debug|Any CPU.ActiveCfg = Debug|Any CPU
		{B802C940-4030-45A2-B830-7845B3662398}.Debug|Any CPU.Build.0 = Debug|Any CPU
		{B802C940-4030-45A2-B830-7845B3662398}.Release|Any CPU.ActiveCfg = Release|Any CPU
		{B802C940-4030-45A2-B830-7845B3662398}.Release|Any CPU.Build.0 = Release|Any CPU
		{3FA85BBA-9FEC-4537-9EEF-1CA9EC6CB122}.Debug|Any CPU.ActiveCfg = Debug|Any CPU
		{3FA85BBA-9FEC-4537-9EEF-1CA9EC6CB122}.Debug|Any CPU.Build.0 = Debug|Any CPU
		{3FA85BBA-9FEC-4537-9EEF-1CA9EC6CB122}.Release|Any CPU.ActiveCfg = Release|Any CPU
		{3FA85BBA-9FEC-4537-9EEF-1CA9EC6CB122}.Release|Any CPU.Build.0 = Release|Any CPU
		{81951C2C-1B32-4B16-A6E9-CB983BBD0519}.Debug|Any CPU.ActiveCfg = Debug|Any CPU
		{81951C2C-1B32-4B16-A6E9-CB983BBD0519}.Debug|Any CPU.Build.0 = Debug|Any CPU
		{81951C2C-1B32-4B16-A6E9-CB983BBD0519}.Release|Any CPU.ActiveCfg = Release|Any CPU
		{81951C2C-1B32-4B16-A6E9-CB983BBD0519}.Release|Any CPU.Build.0 = Release|Any CPU
		{0F49FBC4-6D89-47B4-B844-03E7399EE42D}.Debug|Any CPU.ActiveCfg = Debug|Any CPU
		{0F49FBC4-6D89-47B4-B844-03E7399EE42D}.Debug|Any CPU.Build.0 = Debug|Any CPU
		{0F49FBC4-6D89-47B4-B844-03E7399EE42D}.Release|Any CPU.ActiveCfg = Release|Any CPU
		{0F49FBC4-6D89-47B4-B844-03E7399EE42D}.Release|Any CPU.Build.0 = Release|Any CPU
		{29ED2002-4480-444E-BFD1-3AAEAFBA0F99}.Debug|Any CPU.ActiveCfg = Debug|Any CPU
		{29ED2002-4480-444E-BFD1-3AAEAFBA0F99}.Debug|Any CPU.Build.0 = Debug|Any CPU
		{29ED2002-4480-444E-BFD1-3AAEAFBA0F99}.Release|Any CPU.ActiveCfg = Release|Any CPU
		{29ED2002-4480-444E-BFD1-3AAEAFBA0F99}.Release|Any CPU.Build.0 = Release|Any CPU
		{CCF924D1-2DF4-4A65-829B-A7C6F3B6B47E}.Debug|Any CPU.ActiveCfg = Debug|Any CPU
		{CCF924D1-2DF4-4A65-829B-A7C6F3B6B47E}.Debug|Any CPU.Build.0 = Debug|Any CPU
		{CCF924D1-2DF4-4A65-829B-A7C6F3B6B47E}.Release|Any CPU.ActiveCfg = Release|Any CPU
		{CCF924D1-2DF4-4A65-829B-A7C6F3B6B47E}.Release|Any CPU.Build.0 = Release|Any CPU
	EndGlobalSection
	GlobalSection(SolutionProperties) = preSolution
		HideSolutionNode = FALSE
	EndGlobalSection
	GlobalSection(NestedProjects) = preSolution
		{2742B930-6461-4ECF-81E7-46D634B8B3B3} = {3631DD5D-4ECD-4AE2-B109-6D3BB194D567}
		{9778C561-EE27-418B-B3DE-8DB66F24A110} = {D5645171-D650-4C76-A5A8-8F3523D0751C}
		{B802C940-4030-45A2-B830-7845B3662398} = {E66EC79D-32D0-43AE-AFE8-2AE2BAAC60CE}
		{3FA85BBA-9FEC-4537-9EEF-1CA9EC6CB122} = {02EA681E-C7D8-13C7-8484-4AC65E1B71E8}
		{81951C2C-1B32-4B16-A6E9-CB983BBD0519} = {ABDCCAED-F46D-4A19-A09D-4BC2B9FDA0FD}
		{0F49FBC4-6D89-47B4-B844-03E7399EE42D} = {C13C70D5-46AB-475E-9125-22960988B3FC}
		{29ED2002-4480-444E-BFD1-3AAEAFBA0F99} = {D5645171-D650-4C76-A5A8-8F3523D0751C}
		{CCF924D1-2DF4-4A65-829B-A7C6F3B6B47E} = {12ABD893-93C8-4FDD-9F0B-4C2B0A436D3F}
	EndGlobalSection
	GlobalSection(ExtensibilityGlobals) = postSolution
		SolutionGuid = {3B309D5B-8E2B-40BC-BB11-0402EFCDED85}
	EndGlobalSection
EndGlobal
